// !$*UTF8*$!
{
	archiveVersion = 1;
	classes = {
	};
	objectVersion = 46;
	objects = {

/* Begin PBXBuildFile section */
		18A23079BAE587A4F7B19712 /* Pods_BatchUpdatesExampleTests.framework in Frameworks */ = {isa = PBXBuildFile; fileRef = E6E68672DAA8E062A7A5DE0C /* Pods_BatchUpdatesExampleTests.framework */; };
		8856AFE304EBA38EDEAEABBF /* Pods_BatchUpdatesExample.framework in Frameworks */ = {isa = PBXBuildFile; fileRef = B3B5D4F501E1F53C71BEF6C6 /* Pods_BatchUpdatesExample.framework */; };
		AD3381561EA51E940072D376 /* AnimatedMoviePresenter.swift in Sources */ = {isa = PBXBuildFile; fileRef = AD3381551EA51E940072D376 /* AnimatedMoviePresenter.swift */; };
		AD33815C1EA526380072D376 /* TableViewBatchUpdates.swift in Sources */ = {isa = PBXBuildFile; fileRef = AD33815B1EA526380072D376 /* TableViewBatchUpdates.swift */; };
		AD3381601EA561560072D376 /* BatchUpdatesMoviePresenter.swift in Sources */ = {isa = PBXBuildFile; fileRef = AD33815F1EA561560072D376 /* BatchUpdatesMoviePresenter.swift */; };
		AD3381631EA570970072D376 /* MovieViewController.swift in Sources */ = {isa = PBXBuildFile; fileRef = AD3381611EA570960072D376 /* MovieViewController.swift */; };
		AD3381641EA570970072D376 /* StartingViewController.swift in Sources */ = {isa = PBXBuildFile; fileRef = AD3381621EA570960072D376 /* StartingViewController.swift */; };
		AD3381661EA570A10072D376 /* BatchUpdates.swift in Sources */ = {isa = PBXBuildFile; fileRef = AD3381651EA570A10072D376 /* BatchUpdates.swift */; };
		ADA936F61EA4FF2F003D3660 /* AppDelegate.swift in Sources */ = {isa = PBXBuildFile; fileRef = ADA936F51EA4FF2F003D3660 /* AppDelegate.swift */; };
		ADA936FD1EA4FF2F003D3660 /* Assets.xcassets in Resources */ = {isa = PBXBuildFile; fileRef = ADA936FC1EA4FF2F003D3660 /* Assets.xcassets */; };
		ADA937001EA4FF2F003D3660 /* LaunchScreen.storyboard in Resources */ = {isa = PBXBuildFile; fileRef = ADA936FE1EA4FF2F003D3660 /* LaunchScreen.storyboard */; };
		ADA9370B1EA4FF2F003D3660 /* BatchUpdates.swift in Sources */ = {isa = PBXBuildFile; fileRef = ADA9370A1EA4FF2F003D3660 /* BatchUpdates.swift */; };
		ADA937161EA5002F003D3660 /* LabelCell.swift in Sources */ = {isa = PBXBuildFile; fileRef = ADA937151EA5002F003D3660 /* LabelCell.swift */; };
		ADA9371A1EA501B6003D3660 /* Identifiable.swift in Sources */ = {isa = PBXBuildFile; fileRef = ADA937191EA501B6003D3660 /* Identifiable.swift */; };
		ADA9371C1EA501F8003D3660 /* DequableTableView.swift in Sources */ = {isa = PBXBuildFile; fileRef = ADA9371B1EA501F8003D3660 /* DequableTableView.swift */; };
		ADA9371E1EA50520003D3660 /* MoviePresentable.swift in Sources */ = {isa = PBXBuildFile; fileRef = ADA9371D1EA50520003D3660 /* MoviePresentable.swift */; };
		ADA937221EA50833003D3660 /* MovieCell.swift in Sources */ = {isa = PBXBuildFile; fileRef = ADA937211EA50833003D3660 /* MovieCell.swift */; };
		ADA937261EA509BB003D3660 /* MoviePresenter.swift in Sources */ = {isa = PBXBuildFile; fileRef = ADA937251EA509BB003D3660 /* MoviePresenter.swift */; };
/* End PBXBuildFile section */

/* Begin PBXContainerItemProxy section */
		ADA937071EA4FF2F003D3660 /* PBXContainerItemProxy */ = {
			isa = PBXContainerItemProxy;
			containerPortal = ADA936EA1EA4FF2F003D3660 /* Project object */;
			proxyType = 1;
			remoteGlobalIDString = ADA936F11EA4FF2F003D3660;
			remoteInfo = BatchUpdatesExample;
		};
/* End PBXContainerItemProxy section */

/* Begin PBXFileReference section */
		0EE3800981FF0428EECFA734 /* Pods-BatchUpdatesExample.debug.xcconfig */ = {isa = PBXFileReference; includeInIndex = 1; lastKnownFileType = text.xcconfig; name = "Pods-BatchUpdatesExample.debug.xcconfig"; path = "Pods/Target Support Files/Pods-BatchUpdatesExample/Pods-BatchUpdatesExample.debug.xcconfig"; sourceTree = "<group>"; };
		4370240B0AD20AC0DE596A6E /* Pods-BatchUpdatesExample.release.xcconfig */ = {isa = PBXFileReference; includeInIndex = 1; lastKnownFileType = text.xcconfig; name = "Pods-BatchUpdatesExample.release.xcconfig"; path = "Pods/Target Support Files/Pods-BatchUpdatesExample/Pods-BatchUpdatesExample.release.xcconfig"; sourceTree = "<group>"; };
		AD3381551EA51E940072D376 /* AnimatedMoviePresenter.swift */ = {isa = PBXFileReference; fileEncoding = 4; lastKnownFileType = sourcecode.swift; name = AnimatedMoviePresenter.swift; path = Presenters/AnimatedMoviePresenter.swift; sourceTree = "<group>"; };
		AD33815B1EA526380072D376 /* TableViewBatchUpdates.swift */ = {isa = PBXFileReference; fileEncoding = 4; lastKnownFileType = sourcecode.swift; name = TableViewBatchUpdates.swift; path = Helpers/TableViewBatchUpdates.swift; sourceTree = "<group>"; };
		AD33815F1EA561560072D376 /* BatchUpdatesMoviePresenter.swift */ = {isa = PBXFileReference; fileEncoding = 4; lastKnownFileType = sourcecode.swift; name = BatchUpdatesMoviePresenter.swift; path = Presenters/BatchUpdatesMoviePresenter.swift; sourceTree = "<group>"; };
		AD3381611EA570960072D376 /* MovieViewController.swift */ = {isa = PBXFileReference; fileEncoding = 4; lastKnownFileType = sourcecode.swift; name = MovieViewController.swift; path = ViewControllers/MovieViewController.swift; sourceTree = "<group>"; };
		AD3381621EA570960072D376 /* StartingViewController.swift */ = {isa = PBXFileReference; fileEncoding = 4; lastKnownFileType = sourcecode.swift; name = StartingViewController.swift; path = ViewControllers/StartingViewController.swift; sourceTree = "<group>"; };
		AD3381651EA570A10072D376 /* BatchUpdates.swift */ = {isa = PBXFileReference; fileEncoding = 4; lastKnownFileType = sourcecode.swift; name = BatchUpdates.swift; path = Helpers/BatchUpdates.swift; sourceTree = "<group>"; };
		ADA936F21EA4FF2F003D3660 /* BatchUpdatesExample.app */ = {isa = PBXFileReference; explicitFileType = wrapper.application; includeInIndex = 0; path = BatchUpdatesExample.app; sourceTree = BUILT_PRODUCTS_DIR; };
		ADA936F51EA4FF2F003D3660 /* AppDelegate.swift */ = {isa = PBXFileReference; lastKnownFileType = sourcecode.swift; path = AppDelegate.swift; sourceTree = "<group>"; };
		ADA936FC1EA4FF2F003D3660 /* Assets.xcassets */ = {isa = PBXFileReference; lastKnownFileType = folder.assetcatalog; path = Assets.xcassets; sourceTree = "<group>"; };
		ADA936FF1EA4FF2F003D3660 /* Base */ = {isa = PBXFileReference; lastKnownFileType = file.storyboard; name = Base; path = Base.lproj/LaunchScreen.storyboard; sourceTree = "<group>"; };
		ADA937011EA4FF2F003D3660 /* Info.plist */ = {isa = PBXFileReference; lastKnownFileType = text.plist.xml; path = Info.plist; sourceTree = "<group>"; };
		ADA937061EA4FF2F003D3660 /* BatchUpdatesExampleTests.xctest */ = {isa = PBXFileReference; explicitFileType = wrapper.cfbundle; includeInIndex = 0; path = BatchUpdatesExampleTests.xctest; sourceTree = BUILT_PRODUCTS_DIR; };
		ADA9370A1EA4FF2F003D3660 /* BatchUpdates.swift */ = {isa = PBXFileReference; lastKnownFileType = sourcecode.swift; path = BatchUpdates.swift; sourceTree = "<group>"; };
		ADA9370C1EA4FF2F003D3660 /* Info.plist */ = {isa = PBXFileReference; lastKnownFileType = text.plist.xml; path = Info.plist; sourceTree = "<group>"; };
		ADA937151EA5002F003D3660 /* LabelCell.swift */ = {isa = PBXFileReference; fileEncoding = 4; lastKnownFileType = sourcecode.swift; name = LabelCell.swift; path = Cells/LabelCell.swift; sourceTree = "<group>"; };
		ADA937191EA501B6003D3660 /* Identifiable.swift */ = {isa = PBXFileReference; fileEncoding = 4; lastKnownFileType = sourcecode.swift; name = Identifiable.swift; path = Helpers/Identifiable.swift; sourceTree = "<group>"; };
		ADA9371B1EA501F8003D3660 /* DequableTableView.swift */ = {isa = PBXFileReference; fileEncoding = 4; lastKnownFileType = sourcecode.swift; name = DequableTableView.swift; path = Helpers/DequableTableView.swift; sourceTree = "<group>"; };
		ADA9371D1EA50520003D3660 /* MoviePresentable.swift */ = {isa = PBXFileReference; fileEncoding = 4; lastKnownFileType = sourcecode.swift; path = MoviePresentable.swift; sourceTree = "<group>"; };
		ADA937211EA50833003D3660 /* MovieCell.swift */ = {isa = PBXFileReference; fileEncoding = 4; lastKnownFileType = sourcecode.swift; name = MovieCell.swift; path = Cells/MovieCell.swift; sourceTree = "<group>"; };
		ADA937251EA509BB003D3660 /* MoviePresenter.swift */ = {isa = PBXFileReference; fileEncoding = 4; lastKnownFileType = sourcecode.swift; name = MoviePresenter.swift; path = Presenters/MoviePresenter.swift; sourceTree = "<group>"; };
		B3B5D4F501E1F53C71BEF6C6 /* Pods_BatchUpdatesExample.framework */ = {isa = PBXFileReference; explicitFileType = wrapper.framework; includeInIndex = 0; path = Pods_BatchUpdatesExample.framework; sourceTree = BUILT_PRODUCTS_DIR; };
		C3FDAA3BCC8B9DDE0DE8BD76 /* Pods-BatchUpdatesExampleTests.release.xcconfig */ = {isa = PBXFileReference; includeInIndex = 1; lastKnownFileType = text.xcconfig; name = "Pods-BatchUpdatesExampleTests.release.xcconfig"; path = "Pods/Target Support Files/Pods-BatchUpdatesExampleTests/Pods-BatchUpdatesExampleTests.release.xcconfig"; sourceTree = "<group>"; };
		E6E68672DAA8E062A7A5DE0C /* Pods_BatchUpdatesExampleTests.framework */ = {isa = PBXFileReference; explicitFileType = wrapper.framework; includeInIndex = 0; path = Pods_BatchUpdatesExampleTests.framework; sourceTree = BUILT_PRODUCTS_DIR; };
		F30A26B65550B5998D215F48 /* Pods-BatchUpdatesExampleTests.debug.xcconfig */ = {isa = PBXFileReference; includeInIndex = 1; lastKnownFileType = text.xcconfig; name = "Pods-BatchUpdatesExampleTests.debug.xcconfig"; path = "Pods/Target Support Files/Pods-BatchUpdatesExampleTests/Pods-BatchUpdatesExampleTests.debug.xcconfig"; sourceTree = "<group>"; };
/* End PBXFileReference section */

/* Begin PBXFrameworksBuildPhase section */
		ADA936EF1EA4FF2F003D3660 /* Frameworks */ = {
			isa = PBXFrameworksBuildPhase;
			buildActionMask = 2147483647;
			files = (
				8856AFE304EBA38EDEAEABBF /* Pods_BatchUpdatesExample.framework in Frameworks */,
			);
			runOnlyForDeploymentPostprocessing = 0;
		};
		ADA937031EA4FF2F003D3660 /* Frameworks */ = {
			isa = PBXFrameworksBuildPhase;
			buildActionMask = 2147483647;
			files = (
				18A23079BAE587A4F7B19712 /* Pods_BatchUpdatesExampleTests.framework in Frameworks */,
			);
			runOnlyForDeploymentPostprocessing = 0;
		};
/* End PBXFrameworksBuildPhase section */

/* Begin PBXGroup section */
		055926549C3D913CA38A3CBD /* Frameworks */ = {
			isa = PBXGroup;
			children = (
				B3B5D4F501E1F53C71BEF6C6 /* Pods_BatchUpdatesExample.framework */,
				E6E68672DAA8E062A7A5DE0C /* Pods_BatchUpdatesExampleTests.framework */,
			);
			name = Frameworks;
			sourceTree = "<group>";
		};
		ADA936E91EA4FF2F003D3660 = {
			isa = PBXGroup;
			children = (
				ADA936F41EA4FF2F003D3660 /* BatchUpdatesExample */,
				ADA937091EA4FF2F003D3660 /* BatchUpdatesExampleTests */,
				ADA936F31EA4FF2F003D3660 /* Products */,
				FCD82FA19D3FDCD3D87BDED2 /* Pods */,
				055926549C3D913CA38A3CBD /* Frameworks */,
			);
			sourceTree = "<group>";
		};
		ADA936F31EA4FF2F003D3660 /* Products */ = {
			isa = PBXGroup;
			children = (
				ADA936F21EA4FF2F003D3660 /* BatchUpdatesExample.app */,
				ADA937061EA4FF2F003D3660 /* BatchUpdatesExampleTests.xctest */,
			);
			name = Products;
			sourceTree = "<group>";
		};
		ADA936F41EA4FF2F003D3660 /* BatchUpdatesExample */ = {
			isa = PBXGroup;
			children = (
				ADA937241EA5098C003D3660 /* Presenters */,
				ADA937231EA5097F003D3660 /* ViewControllers */,
				ADA937181EA50182003D3660 /* Helpers */,
				ADA937171EA500B1003D3660 /* Cells */,
				ADA936F51EA4FF2F003D3660 /* AppDelegate.swift */,
				ADA9371D1EA50520003D3660 /* MoviePresentable.swift */,
				ADA936FC1EA4FF2F003D3660 /* Assets.xcassets */,
				ADA936FE1EA4FF2F003D3660 /* LaunchScreen.storyboard */,
				ADA937011EA4FF2F003D3660 /* Info.plist */,
			);
			path = BatchUpdatesExample;
			sourceTree = "<group>";
		};
		ADA937091EA4FF2F003D3660 /* BatchUpdatesExampleTests */ = {
			isa = PBXGroup;
			children = (
				ADA9370A1EA4FF2F003D3660 /* BatchUpdates.swift */,
				ADA9370C1EA4FF2F003D3660 /* Info.plist */,
			);
			path = BatchUpdatesExampleTests;
			sourceTree = "<group>";
		};
		ADA937171EA500B1003D3660 /* Cells */ = {
			isa = PBXGroup;
			children = (
				ADA937151EA5002F003D3660 /* LabelCell.swift */,
				ADA937211EA50833003D3660 /* MovieCell.swift */,
			);
			name = Cells;
			sourceTree = "<group>";
		};
		ADA937181EA50182003D3660 /* Helpers */ = {
			isa = PBXGroup;
			children = (
				AD3381651EA570A10072D376 /* BatchUpdates.swift */,
				AD33815B1EA526380072D376 /* TableViewBatchUpdates.swift */,
				ADA937191EA501B6003D3660 /* Identifiable.swift */,
				ADA9371B1EA501F8003D3660 /* DequableTableView.swift */,
			);
			name = Helpers;
			sourceTree = "<group>";
		};
		ADA937231EA5097F003D3660 /* ViewControllers */ = {
			isa = PBXGroup;
			children = (
				AD3381611EA570960072D376 /* MovieViewController.swift */,
				AD3381621EA570960072D376 /* StartingViewController.swift */,
			);
			name = ViewControllers;
			sourceTree = "<group>";
		};
		ADA937241EA5098C003D3660 /* Presenters */ = {
			isa = PBXGroup;
			children = (
				ADA937251EA509BB003D3660 /* MoviePresenter.swift */,
				AD3381551EA51E940072D376 /* AnimatedMoviePresenter.swift */,
				AD33815F1EA561560072D376 /* BatchUpdatesMoviePresenter.swift */,
			);
			name = Presenters;
			sourceTree = "<group>";
		};
		FCD82FA19D3FDCD3D87BDED2 /* Pods */ = {
			isa = PBXGroup;
			children = (
				0EE3800981FF0428EECFA734 /* Pods-BatchUpdatesExample.debug.xcconfig */,
				4370240B0AD20AC0DE596A6E /* Pods-BatchUpdatesExample.release.xcconfig */,
				F30A26B65550B5998D215F48 /* Pods-BatchUpdatesExampleTests.debug.xcconfig */,
				C3FDAA3BCC8B9DDE0DE8BD76 /* Pods-BatchUpdatesExampleTests.release.xcconfig */,
			);
			name = Pods;
			sourceTree = "<group>";
		};
/* End PBXGroup section */

/* Begin PBXNativeTarget section */
		ADA936F11EA4FF2F003D3660 /* BatchUpdatesExample */ = {
			isa = PBXNativeTarget;
			buildConfigurationList = ADA9370F1EA4FF2F003D3660 /* Build configuration list for PBXNativeTarget "BatchUpdatesExample" */;
			buildPhases = (
				F730F9BEB9517278425A5FB4 /* [CP] Check Pods Manifest.lock */,
				ADA936EE1EA4FF2F003D3660 /* Sources */,
				ADA936EF1EA4FF2F003D3660 /* Frameworks */,
				ADA936F01EA4FF2F003D3660 /* Resources */,
				FD8C28A4B3D9E089E55DD77A /* [CP] Embed Pods Frameworks */,
				7CB2F90825C040F666B58B1C /* [CP] Copy Pods Resources */,
			);
			buildRules = (
			);
			dependencies = (
			);
			name = BatchUpdatesExample;
			productName = BatchUpdatesExample;
			productReference = ADA936F21EA4FF2F003D3660 /* BatchUpdatesExample.app */;
			productType = "com.apple.product-type.application";
		};
		ADA937051EA4FF2F003D3660 /* BatchUpdatesExampleTests */ = {
			isa = PBXNativeTarget;
			buildConfigurationList = ADA937121EA4FF2F003D3660 /* Build configuration list for PBXNativeTarget "BatchUpdatesExampleTests" */;
			buildPhases = (
				AF87C6E28D9AF27A4B3A0F74 /* [CP] Check Pods Manifest.lock */,
				ADA937021EA4FF2F003D3660 /* Sources */,
				ADA937031EA4FF2F003D3660 /* Frameworks */,
				ADA937041EA4FF2F003D3660 /* Resources */,
				D42D1F0F7F9082F2CC6FCA8F /* [CP] Embed Pods Frameworks */,
				2BD9E0D9C3EF862474EF2220 /* [CP] Copy Pods Resources */,
			);
			buildRules = (
			);
			dependencies = (
				ADA937081EA4FF2F003D3660 /* PBXTargetDependency */,
			);
			name = BatchUpdatesExampleTests;
			productName = BatchUpdatesExampleTests;
			productReference = ADA937061EA4FF2F003D3660 /* BatchUpdatesExampleTests.xctest */;
			productType = "com.apple.product-type.bundle.unit-test";
		};
/* End PBXNativeTarget section */

/* Begin PBXProject section */
		ADA936EA1EA4FF2F003D3660 /* Project object */ = {
			isa = PBXProject;
			attributes = {
				LastSwiftUpdateCheck = 0830;
				LastUpgradeCheck = 0830;
				ORGANIZATIONNAME = undabot;
				TargetAttributes = {
					ADA936F11EA4FF2F003D3660 = {
						CreatedOnToolsVersion = 8.3;
						DevelopmentTeam = TEU2W33Z6N;
						ProvisioningStyle = Automatic;
					};
					ADA937051EA4FF2F003D3660 = {
						CreatedOnToolsVersion = 8.3;
						DevelopmentTeam = XU2GV7VZT6;
						ProvisioningStyle = Automatic;
						TestTargetID = ADA936F11EA4FF2F003D3660;
					};
				};
			};
			buildConfigurationList = ADA936ED1EA4FF2F003D3660 /* Build configuration list for PBXProject "BatchUpdatesExample" */;
			compatibilityVersion = "Xcode 3.2";
			developmentRegion = English;
			hasScannedForEncodings = 0;
			knownRegions = (
				en,
				Base,
			);
			mainGroup = ADA936E91EA4FF2F003D3660;
			productRefGroup = ADA936F31EA4FF2F003D3660 /* Products */;
			projectDirPath = "";
			projectRoot = "";
			targets = (
				ADA936F11EA4FF2F003D3660 /* BatchUpdatesExample */,
				ADA937051EA4FF2F003D3660 /* BatchUpdatesExampleTests */,
			);
		};
/* End PBXProject section */

/* Begin PBXResourcesBuildPhase section */
		ADA936F01EA4FF2F003D3660 /* Resources */ = {
			isa = PBXResourcesBuildPhase;
			buildActionMask = 2147483647;
			files = (
				ADA937001EA4FF2F003D3660 /* LaunchScreen.storyboard in Resources */,
				ADA936FD1EA4FF2F003D3660 /* Assets.xcassets in Resources */,
			);
			runOnlyForDeploymentPostprocessing = 0;
		};
		ADA937041EA4FF2F003D3660 /* Resources */ = {
			isa = PBXResourcesBuildPhase;
			buildActionMask = 2147483647;
			files = (
			);
			runOnlyForDeploymentPostprocessing = 0;
		};
/* End PBXResourcesBuildPhase section */

/* Begin PBXShellScriptBuildPhase section */
		2BD9E0D9C3EF862474EF2220 /* [CP] Copy Pods Resources */ = {
			isa = PBXShellScriptBuildPhase;
			buildActionMask = 2147483647;
			files = (
			);
			inputPaths = (
			);
			name = "[CP] Copy Pods Resources";
			outputPaths = (
			);
			runOnlyForDeploymentPostprocessing = 0;
			shellPath = /bin/sh;
			shellScript = "\"${SRCROOT}/Pods/Target Support Files/Pods-BatchUpdatesExampleTests/Pods-BatchUpdatesExampleTests-resources.sh\"\n";
			showEnvVarsInLog = 0;
		};
		7CB2F90825C040F666B58B1C /* [CP] Copy Pods Resources */ = {
			isa = PBXShellScriptBuildPhase;
			buildActionMask = 2147483647;
			files = (
			);
			inputPaths = (
			);
			name = "[CP] Copy Pods Resources";
			outputPaths = (
			);
			runOnlyForDeploymentPostprocessing = 0;
			shellPath = /bin/sh;
			shellScript = "\"${SRCROOT}/Pods/Target Support Files/Pods-BatchUpdatesExample/Pods-BatchUpdatesExample-resources.sh\"\n";
			showEnvVarsInLog = 0;
		};
		AF87C6E28D9AF27A4B3A0F74 /* [CP] Check Pods Manifest.lock */ = {
			isa = PBXShellScriptBuildPhase;
			buildActionMask = 2147483647;
			files = (
			);
			inputPaths = (
			);
			name = "[CP] Check Pods Manifest.lock";
			outputPaths = (
			);
			runOnlyForDeploymentPostprocessing = 0;
			shellPath = /bin/sh;
			shellScript = "diff \"${PODS_ROOT}/../Podfile.lock\" \"${PODS_ROOT}/Manifest.lock\" > /dev/null\nif [ $? != 0 ] ; then\n    # print error to STDERR\n    echo \"error: The sandbox is not in sync with the Podfile.lock. Run 'pod install' or update your CocoaPods installation.\" >&2\n    exit 1\nfi\n";
			showEnvVarsInLog = 0;
		};
		D42D1F0F7F9082F2CC6FCA8F /* [CP] Embed Pods Frameworks */ = {
			isa = PBXShellScriptBuildPhase;
			buildActionMask = 2147483647;
			files = (
			);
			inputPaths = (
			);
			name = "[CP] Embed Pods Frameworks";
			outputPaths = (
			);
			runOnlyForDeploymentPostprocessing = 0;
			shellPath = /bin/sh;
			shellScript = "\"${SRCROOT}/Pods/Target Support Files/Pods-BatchUpdatesExampleTests/Pods-BatchUpdatesExampleTests-frameworks.sh\"\n";
			showEnvVarsInLog = 0;
		};
		F730F9BEB9517278425A5FB4 /* [CP] Check Pods Manifest.lock */ = {
			isa = PBXShellScriptBuildPhase;
			buildActionMask = 2147483647;
			files = (
			);
			inputPaths = (
			);
			name = "[CP] Check Pods Manifest.lock";
			outputPaths = (
			);
			runOnlyForDeploymentPostprocessing = 0;
			shellPath = /bin/sh;
			shellScript = "diff \"${PODS_ROOT}/../Podfile.lock\" \"${PODS_ROOT}/Manifest.lock\" > /dev/null\nif [ $? != 0 ] ; then\n    # print error to STDERR\n    echo \"error: The sandbox is not in sync with the Podfile.lock. Run 'pod install' or update your CocoaPods installation.\" >&2\n    exit 1\nfi\n";
			showEnvVarsInLog = 0;
		};
		FD8C28A4B3D9E089E55DD77A /* [CP] Embed Pods Frameworks */ = {
			isa = PBXShellScriptBuildPhase;
			buildActionMask = 2147483647;
			files = (
			);
			inputPaths = (
			);
			name = "[CP] Embed Pods Frameworks";
			outputPaths = (
			);
			runOnlyForDeploymentPostprocessing = 0;
			shellPath = /bin/sh;
			shellScript = "\"${SRCROOT}/Pods/Target Support Files/Pods-BatchUpdatesExample/Pods-BatchUpdatesExample-frameworks.sh\"\n";
			showEnvVarsInLog = 0;
		};
/* End PBXShellScriptBuildPhase section */

/* Begin PBXSourcesBuildPhase section */
		ADA936EE1EA4FF2F003D3660 /* Sources */ = {
			isa = PBXSourcesBuildPhase;
			buildActionMask = 2147483647;
			files = (
				AD3381631EA570970072D376 /* MovieViewController.swift in Sources */,
				ADA937221EA50833003D3660 /* MovieCell.swift in Sources */,
				AD3381641EA570970072D376 /* StartingViewController.swift in Sources */,
				ADA9371C1EA501F8003D3660 /* DequableTableView.swift in Sources */,
				ADA9371A1EA501B6003D3660 /* Identifiable.swift in Sources */,
				AD33815C1EA526380072D376 /* TableViewBatchUpdates.swift in Sources */,
				ADA937161EA5002F003D3660 /* LabelCell.swift in Sources */,
				ADA936F61EA4FF2F003D3660 /* AppDelegate.swift in Sources */,
				ADA937261EA509BB003D3660 /* MoviePresenter.swift in Sources */,
				AD3381661EA570A10072D376 /* BatchUpdates.swift in Sources */,
				AD3381561EA51E940072D376 /* AnimatedMoviePresenter.swift in Sources */,
				AD3381601EA561560072D376 /* BatchUpdatesMoviePresenter.swift in Sources */,
				ADA9371E1EA50520003D3660 /* MoviePresentable.swift in Sources */,
			);
			runOnlyForDeploymentPostprocessing = 0;
		};
		ADA937021EA4FF2F003D3660 /* Sources */ = {
			isa = PBXSourcesBuildPhase;
			buildActionMask = 2147483647;
			files = (
				ADA9370B1EA4FF2F003D3660 /* BatchUpdates.swift in Sources */,
			);
			runOnlyForDeploymentPostprocessing = 0;
		};
/* End PBXSourcesBuildPhase section */

/* Begin PBXTargetDependency section */
		ADA937081EA4FF2F003D3660 /* PBXTargetDependency */ = {
			isa = PBXTargetDependency;
			target = ADA936F11EA4FF2F003D3660 /* BatchUpdatesExample */;
			targetProxy = ADA937071EA4FF2F003D3660 /* PBXContainerItemProxy */;
		};
/* End PBXTargetDependency section */

/* Begin PBXVariantGroup section */
		ADA936FE1EA4FF2F003D3660 /* LaunchScreen.storyboard */ = {
			isa = PBXVariantGroup;
			children = (
				ADA936FF1EA4FF2F003D3660 /* Base */,
			);
			name = LaunchScreen.storyboard;
			sourceTree = "<group>";
		};
/* End PBXVariantGroup section */

/* Begin XCBuildConfiguration section */
		ADA9370D1EA4FF2F003D3660 /* Debug */ = {
			isa = XCBuildConfiguration;
			buildSettings = {
				ALWAYS_SEARCH_USER_PATHS = NO;
				CLANG_ANALYZER_NONNULL = YES;
				CLANG_ANALYZER_NUMBER_OBJECT_CONVERSION = YES_AGGRESSIVE;
				CLANG_CXX_LANGUAGE_STANDARD = "gnu++0x";
				CLANG_CXX_LIBRARY = "libc++";
				CLANG_ENABLE_MODULES = YES;
				CLANG_ENABLE_OBJC_ARC = YES;
				CLANG_WARN_BOOL_CONVERSION = YES;
				CLANG_WARN_CONSTANT_CONVERSION = YES;
				CLANG_WARN_DIRECT_OBJC_ISA_USAGE = YES_ERROR;
				CLANG_WARN_DOCUMENTATION_COMMENTS = YES;
				CLANG_WARN_EMPTY_BODY = YES;
				CLANG_WARN_ENUM_CONVERSION = YES;
				CLANG_WARN_INFINITE_RECURSION = YES;
				CLANG_WARN_INT_CONVERSION = YES;
				CLANG_WARN_OBJC_ROOT_CLASS = YES_ERROR;
				CLANG_WARN_SUSPICIOUS_MOVE = YES;
				CLANG_WARN_UNREACHABLE_CODE = YES;
				CLANG_WARN__DUPLICATE_METHOD_MATCH = YES;
				"CODE_SIGN_IDENTITY[sdk=iphoneos*]" = "iPhone Developer";
				COPY_PHASE_STRIP = NO;
				DEBUG_INFORMATION_FORMAT = dwarf;
				ENABLE_STRICT_OBJC_MSGSEND = YES;
				ENABLE_TESTABILITY = YES;
				GCC_C_LANGUAGE_STANDARD = gnu99;
				GCC_DYNAMIC_NO_PIC = NO;
				GCC_NO_COMMON_BLOCKS = YES;
				GCC_OPTIMIZATION_LEVEL = 0;
				GCC_PREPROCESSOR_DEFINITIONS = (
					"DEBUG=1",
					"$(inherited)",
				);
				GCC_WARN_64_TO_32_BIT_CONVERSION = YES;
				GCC_WARN_ABOUT_RETURN_TYPE = YES_ERROR;
				GCC_WARN_UNDECLARED_SELECTOR = YES;
				GCC_WARN_UNINITIALIZED_AUTOS = YES_AGGRESSIVE;
				GCC_WARN_UNUSED_FUNCTION = YES;
				GCC_WARN_UNUSED_VARIABLE = YES;
				IPHONEOS_DEPLOYMENT_TARGET = 10.3;
				MTL_ENABLE_DEBUG_INFO = YES;
				ONLY_ACTIVE_ARCH = YES;
				SDKROOT = iphoneos;
				SWIFT_ACTIVE_COMPILATION_CONDITIONS = DEBUG;
				SWIFT_OPTIMIZATION_LEVEL = "-Onone";
				TARGETED_DEVICE_FAMILY = "1,2";
			};
			name = Debug;
		};
		ADA9370E1EA4FF2F003D3660 /* Release */ = {
			isa = XCBuildConfiguration;
			buildSettings = {
				ALWAYS_SEARCH_USER_PATHS = NO;
				CLANG_ANALYZER_NONNULL = YES;
				CLANG_ANALYZER_NUMBER_OBJECT_CONVERSION = YES_AGGRESSIVE;
				CLANG_CXX_LANGUAGE_STANDARD = "gnu++0x";
				CLANG_CXX_LIBRARY = "libc++";
				CLANG_ENABLE_MODULES = YES;
				CLANG_ENABLE_OBJC_ARC = YES;
				CLANG_WARN_BOOL_CONVERSION = YES;
				CLANG_WARN_CONSTANT_CONVERSION = YES;
				CLANG_WARN_DIRECT_OBJC_ISA_USAGE = YES_ERROR;
				CLANG_WARN_DOCUMENTATION_COMMENTS = YES;
				CLANG_WARN_EMPTY_BODY = YES;
				CLANG_WARN_ENUM_CONVERSION = YES;
				CLANG_WARN_INFINITE_RECURSION = YES;
				CLANG_WARN_INT_CONVERSION = YES;
				CLANG_WARN_OBJC_ROOT_CLASS = YES_ERROR;
				CLANG_WARN_SUSPICIOUS_MOVE = YES;
				CLANG_WARN_UNREACHABLE_CODE = YES;
				CLANG_WARN__DUPLICATE_METHOD_MATCH = YES;
				"CODE_SIGN_IDENTITY[sdk=iphoneos*]" = "iPhone Developer";
				COPY_PHASE_STRIP = NO;
				DEBUG_INFORMATION_FORMAT = "dwarf-with-dsym";
				ENABLE_NS_ASSERTIONS = NO;
				ENABLE_STRICT_OBJC_MSGSEND = YES;
				GCC_C_LANGUAGE_STANDARD = gnu99;
				GCC_NO_COMMON_BLOCKS = YES;
				GCC_WARN_64_TO_32_BIT_CONVERSION = YES;
				GCC_WARN_ABOUT_RETURN_TYPE = YES_ERROR;
				GCC_WARN_UNDECLARED_SELECTOR = YES;
				GCC_WARN_UNINITIALIZED_AUTOS = YES_AGGRESSIVE;
				GCC_WARN_UNUSED_FUNCTION = YES;
				GCC_WARN_UNUSED_VARIABLE = YES;
				IPHONEOS_DEPLOYMENT_TARGET = 10.3;
				MTL_ENABLE_DEBUG_INFO = NO;
				SDKROOT = iphoneos;
				SWIFT_OPTIMIZATION_LEVEL = "-Owholemodule";
				TARGETED_DEVICE_FAMILY = "1,2";
				VALIDATE_PRODUCT = YES;
			};
			name = Release;
		};
		ADA937101EA4FF2F003D3660 /* Debug */ = {
			isa = XCBuildConfiguration;
			baseConfigurationReference = 0EE3800981FF0428EECFA734 /* Pods-BatchUpdatesExample.debug.xcconfig */;
			buildSettings = {
				ASSETCATALOG_COMPILER_APPICON_NAME = AppIcon;
				"CODE_SIGN_IDENTITY[sdk=iphoneos*]" = "iPhone Developer";
				DEVELOPMENT_TEAM = TEU2W33Z6N;
				INFOPLIST_FILE = BatchUpdatesExample/Info.plist;
				IPHONEOS_DEPLOYMENT_TARGET = 9.0;
				LD_RUNPATH_SEARCH_PATHS = "$(inherited) @executable_path/Frameworks";
				PRODUCT_BUNDLE_IDENTIFIER = com.undabot.BatchUpdatesExample;
				PRODUCT_NAME = "$(TARGET_NAME)";
				PROVISIONING_PROFILE_SPECIFIER = "";
				SWIFT_VERSION = 3.0;
			};
			name = Debug;
		};
		ADA937111EA4FF2F003D3660 /* Release */ = {
			isa = XCBuildConfiguration;
			baseConfigurationReference = 4370240B0AD20AC0DE596A6E /* Pods-BatchUpdatesExample.release.xcconfig */;
			buildSettings = {
				ASSETCATALOG_COMPILER_APPICON_NAME = AppIcon;
				"CODE_SIGN_IDENTITY[sdk=iphoneos*]" = "iPhone Developer";
				DEVELOPMENT_TEAM = TEU2W33Z6N;
				INFOPLIST_FILE = BatchUpdatesExample/Info.plist;
				IPHONEOS_DEPLOYMENT_TARGET = 9.0;
				LD_RUNPATH_SEARCH_PATHS = "$(inherited) @executable_path/Frameworks";
				PRODUCT_BUNDLE_IDENTIFIER = com.undabot.BatchUpdatesExample;
				PRODUCT_NAME = "$(TARGET_NAME)";
				PROVISIONING_PROFILE_SPECIFIER = "";
				SWIFT_VERSION = 3.0;
			};
			name = Release;
		};
		ADA937131EA4FF2F003D3660 /* Debug */ = {
			isa = XCBuildConfiguration;
			baseConfigurationReference = F30A26B65550B5998D215F48 /* Pods-BatchUpdatesExampleTests.debug.xcconfig */;
			buildSettings = {
				ALWAYS_EMBED_SWIFT_STANDARD_LIBRARIES = YES;
				BUNDLE_LOADER = "$(TEST_HOST)";
				DEVELOPMENT_TEAM = XU2GV7VZT6;
				INFOPLIST_FILE = BatchUpdatesExampleTests/Info.plist;
				LD_RUNPATH_SEARCH_PATHS = "$(inherited) @executable_path/Frameworks @loader_path/Frameworks";
				PRODUCT_BUNDLE_IDENTIFIER = com.undabot.BatchUpdatesExampleTests;
				PRODUCT_NAME = "$(TARGET_NAME)";
				SWIFT_VERSION = 3.0;
				TEST_HOST = "$(BUILT_PRODUCTS_DIR)/BatchUpdatesExample.app/BatchUpdatesExample";
			};
			name = Debug;
		};
		ADA937141EA4FF2F003D3660 /* Release */ = {
			isa = XCBuildConfiguration;
			baseConfigurationReference = C3FDAA3BCC8B9DDE0DE8BD76 /* Pods-BatchUpdatesExampleTests.release.xcconfig */;
			buildSettings = {
				ALWAYS_EMBED_SWIFT_STANDARD_LIBRARIES = YES;
				BUNDLE_LOADER = "$(TEST_HOST)";
				DEVELOPMENT_TEAM = XU2GV7VZT6;
				INFOPLIST_FILE = BatchUpdatesExampleTests/Info.plist;
				LD_RUNPATH_SEARCH_PATHS = "$(inherited) @executable_path/Frameworks @loader_path/Frameworks";
				PRODUCT_BUNDLE_IDENTIFIER = com.undabot.BatchUpdatesExampleTests;
				PRODUCT_NAME = "$(TARGET_NAME)";
				SWIFT_VERSION = 3.0;
				TEST_HOST = "$(BUILT_PRODUCTS_DIR)/BatchUpdatesExample.app/BatchUpdatesExample";
			};
			name = Release;
		};
/* End XCBuildConfiguration section */

/* Begin XCConfigurationList section */
		ADA936ED1EA4FF2F003D3660 /* Build configuration list for PBXProject "BatchUpdatesExample" */ = {
			isa = XCConfigurationList;
			buildConfigurations = (
				ADA9370D1EA4FF2F003D3660 /* Debug */,
				ADA9370E1EA4FF2F003D3660 /* Release */,
			);
			defaultConfigurationIsVisible = 0;
			defaultConfigurationName = Release;
		};
		ADA9370F1EA4FF2F003D3660 /* Build configuration list for PBXNativeTarget "BatchUpdatesExample" */ = {
			isa = XCConfigurationList;
			buildConfigurations = (
				ADA937101EA4FF2F003D3660 /* Debug */,
				ADA937111EA4FF2F003D3660 /* Release */,
			);
			defaultConfigurationIsVisible = 0;
			defaultConfigurationName = Release;
		};
		ADA937121EA4FF2F003D3660 /* Build configuration list for PBXNativeTarget "BatchUpdatesExampleTests" */ = {
			isa = XCConfigurationList;
			buildConfigurations = (
				ADA937131EA4FF2F003D3660 /* Debug */,
				ADA937141EA4FF2F003D3660 /* Release */,
			);
			defaultConfigurationIsVisible = 0;
			defaultConfigurationName = Release;
		};
/* End XCConfigurationList section */
	};
	rootObject = ADA936EA1EA4FF2F003D3660 /* Project object */;
}
